
Microsoft Visual Studio Solution File, Format Version 12.00
# Visual Studio 15
VisualStudioVersion = 15.0.28307.106
MinimumVisualStudioVersion = 10.0.40219.1
Project("{9A19103F-16F7-4668-BE54-9A1E7A4F7556}") = "DS.Handlers", "DS.Handlers\DS.Handlers.csproj", "{CD84B354-70B9-41AF-B94A-396EBEE2DBFF}"
EndProject
Project("{2150E333-8FDC-42A3-9474-1A3956D46DE8}") = "Handlers", "Handlers", "{B959F0A7-4462-40DE-BFE0-DF235290B5FA}"
EndProject
Project("{9A19103F-16F7-4668-BE54-9A1E7A4F7556}") = "DS.Handlers.UnitTests", "DS.Handlers.UnitTests\DS.Handlers.UnitTests.csproj", "{C12B4F53-CCC9-461D-970A-AB625252986D}"
EndProject
Project("{2150E333-8FDC-42A3-9474-1A3956D46DE8}") = "Contracts", "Contracts", "{74582A8A-2F92-4B87-95C6-BC80D4E89FCB}"
EndProject
Project("{9A19103F-16F7-4668-BE54-9A1E7A4F7556}") = "DS.Contracts", "DS.Contracts\DS.Contracts.csproj", "{74901DAA-AD74-4A28-A970-5F3B1A4646D5}"
EndProject
Project("{9A19103F-16F7-4668-BE54-9A1E7A4F7556}") = "DS.Dtos", "DS.Dtos\DS.Dtos.csproj", "{AAD16472-86BC-415D-BC9A-E8E6964036C4}"
EndProject
Project("{2150E333-8FDC-42A3-9474-1A3956D46DE8}") = "Domain", "Domain", "{51C6476A-042B-4BAC-9829-99DF62AAA8DB}"
EndProject
Project("{9A19103F-16F7-4668-BE54-9A1E7A4F7556}") = "DS.DomainModel", "DS.DomainModel\DS.DomainModel.csproj", "{1C6DF6C6-B714-4C77-9A50-065D57D0FEBF}"
EndProject
Project("{9A19103F-16F7-4668-BE54-9A1E7A4F7556}") = "DS.DomainModel.UnitTests", "DS.DomainModel.UnitTests\DS.DomainModel.UnitTests.csproj", "{62A87E9F-2FB3-4941-898B-83EEA382649A}"
EndProject
Project("{2150E333-8FDC-42A3-9474-1A3956D46DE8}") = "API", "API", "{3F936D81-7919-4BF2-96AC-A73CF004DFB0}"
EndProject
Project("{FAE04EC0-301F-11D3-BF4B-00C04F79EFBC}") = "DS.API", "DS.API\DS.API.csproj", "{A4116D86-397F-4CC5-B2A3-37FA4AD0BD35}"
EndProject
Project("{FAE04EC0-301F-11D3-BF4B-00C04F79EFBC}") = "DS.API.IntegrationTests", "DS.API.IntegrationTests\DS.API.IntegrationTests.csproj", "{244D7ABE-B9C3-4807-A8B6-C3AD2C170E5A}"
EndProject
Project("{2150E333-8FDC-42A3-9474-1A3956D46DE8}") = "Infrastructure", "Infrastructure", "{946AC209-0962-4EDB-AC0F-1AC0F6D07106}"
EndProject
Project("{FAE04EC0-301F-11D3-BF4B-00C04F79EFBC}") = "DS.Infrastructure.Web", "DS.Infrastructure.Web\DS.Infrastructure.Web.csproj", "{56E199CE-9576-42FE-81AB-950C233D6F17}"
EndProject
Project("{FAE04EC0-301F-11D3-BF4B-00C04F79EFBC}") = "DS.Infrastructure", "DS.Infrastructure\DS.Infrastructure.csproj", "{765AF85B-B6B4-4FCC-BCA6-831B8FE54F8A}"
EndProject
Project("{2150E333-8FDC-42A3-9474-1A3956D46DE8}") = "DataAccess", "DataAccess", "{61884867-C732-4058-B585-649454E9CF9B}"
EndProject
Project("{FAE04EC0-301F-11D3-BF4B-00C04F79EFBC}") = "DS.DataAccess", "DS.DataAccess\DS.DataAccess.csproj", "{AD825568-2E78-43A1-97B6-8058C9D7AC96}"
EndProject
Global
	GlobalSection(SolutionConfigurationPlatforms) = preSolution
		Debug|Any CPU = Debug|Any CPU
		Release|Any CPU = Release|Any CPU
	EndGlobalSection
	GlobalSection(ProjectConfigurationPlatforms) = postSolution
		{CD84B354-70B9-41AF-B94A-396EBEE2DBFF}.Debug|Any CPU.ActiveCfg = Debug|Any CPU
		{CD84B354-70B9-41AF-B94A-396EBEE2DBFF}.Debug|Any CPU.Build.0 = Debug|Any CPU
		{CD84B354-70B9-41AF-B94A-396EBEE2DBFF}.Release|Any CPU.ActiveCfg = Release|Any CPU
		{CD84B354-70B9-41AF-B94A-396EBEE2DBFF}.Release|Any CPU.Build.0 = Release|Any CPU
		{C12B4F53-CCC9-461D-970A-AB625252986D}.Debug|Any CPU.ActiveCfg = Debug|Any CPU
		{C12B4F53-CCC9-461D-970A-AB625252986D}.Debug|Any CPU.Build.0 = Debug|Any CPU
		{C12B4F53-CCC9-461D-970A-AB625252986D}.Release|Any CPU.ActiveCfg = Release|Any CPU
		{C12B4F53-CCC9-461D-970A-AB625252986D}.Release|Any CPU.Build.0 = Release|Any CPU
		{74901DAA-AD74-4A28-A970-5F3B1A4646D5}.Debug|Any CPU.ActiveCfg = Debug|Any CPU
		{74901DAA-AD74-4A28-A970-5F3B1A4646D5}.Debug|Any CPU.Build.0 = Debug|Any CPU
		{74901DAA-AD74-4A28-A970-5F3B1A4646D5}.Release|Any CPU.ActiveCfg = Release|Any CPU
		{74901DAA-AD74-4A28-A970-5F3B1A4646D5}.Release|Any CPU.Build.0 = Release|Any CPU
		{AAD16472-86BC-415D-BC9A-E8E6964036C4}.Debug|Any CPU.ActiveCfg = Debug|Any CPU
		{AAD16472-86BC-415D-BC9A-E8E6964036C4}.Debug|Any CPU.Build.0 = Debug|Any CPU
		{AAD16472-86BC-415D-BC9A-E8E6964036C4}.Release|Any CPU.ActiveCfg = Release|Any CPU
		{AAD16472-86BC-415D-BC9A-E8E6964036C4}.Release|Any CPU.Build.0 = Release|Any CPU
		{1C6DF6C6-B714-4C77-9A50-065D57D0FEBF}.Debug|Any CPU.ActiveCfg = Debug|Any CPU
		{1C6DF6C6-B714-4C77-9A50-065D57D0FEBF}.Debug|Any CPU.Build.0 = Debug|Any CPU
		{1C6DF6C6-B714-4C77-9A50-065D57D0FEBF}.Release|Any CPU.ActiveCfg = Release|Any CPU
		{1C6DF6C6-B714-4C77-9A50-065D57D0FEBF}.Release|Any CPU.Build.0 = Release|Any CPU
		{62A87E9F-2FB3-4941-898B-83EEA382649A}.Debug|Any CPU.ActiveCfg = Debug|Any CPU
		{62A87E9F-2FB3-4941-898B-83EEA382649A}.Debug|Any CPU.Build.0 = Debug|Any CPU
		{62A87E9F-2FB3-4941-898B-83EEA382649A}.Release|Any CPU.ActiveCfg = Release|Any CPU
		{62A87E9F-2FB3-4941-898B-83EEA382649A}.Release|Any CPU.Build.0 = Release|Any CPU
		{A4116D86-397F-4CC5-B2A3-37FA4AD0BD35}.Debug|Any CPU.ActiveCfg = Debug|Any CPU
		{A4116D86-397F-4CC5-B2A3-37FA4AD0BD35}.Debug|Any CPU.Build.0 = Debug|Any CPU
		{A4116D86-397F-4CC5-B2A3-37FA4AD0BD35}.Release|Any CPU.ActiveCfg = Release|Any CPU
		{A4116D86-397F-4CC5-B2A3-37FA4AD0BD35}.Release|Any CPU.Build.0 = Release|Any CPU
		{244D7ABE-B9C3-4807-A8B6-C3AD2C170E5A}.Debug|Any CPU.ActiveCfg = Debug|Any CPU
		{244D7ABE-B9C3-4807-A8B6-C3AD2C170E5A}.Debug|Any CPU.Build.0 = Debug|Any CPU
		{244D7ABE-B9C3-4807-A8B6-C3AD2C170E5A}.Release|Any CPU.ActiveCfg = Release|Any CPU
		{244D7ABE-B9C3-4807-A8B6-C3AD2C170E5A}.Release|Any CPU.Build.0 = Release|Any CPU
		{56E199CE-9576-42FE-81AB-950C233D6F17}.Debug|Any CPU.ActiveCfg = Debug|Any CPU
		{56E199CE-9576-42FE-81AB-950C233D6F17}.Debug|Any CPU.Build.0 = Debug|Any CPU
		{56E199CE-9576-42FE-81AB-950C233D6F17}.Release|Any CPU.ActiveCfg = Release|Any CPU
		{56E199CE-9576-42FE-81AB-950C233D6F17}.Release|Any CPU.Build.0 = Release|Any CPU
		{765AF85B-B6B4-4FCC-BCA6-831B8FE54F8A}.Debug|Any CPU.ActiveCfg = Debug|Any CPU
		{765AF85B-B6B4-4FCC-BCA6-831B8FE54F8A}.Debug|Any CPU.Build.0 = Debug|Any CPU
		{765AF85B-B6B4-4FCC-BCA6-831B8FE54F8A}.Release|Any CPU.ActiveCfg = Release|Any CPU
		{765AF85B-B6B4-4FCC-BCA6-831B8FE54F8A}.Release|Any CPU.Build.0 = Release|Any CPU
		{AD825568-2E78-43A1-97B6-8058C9D7AC96}.Debug|Any CPU.ActiveCfg = Debug|Any CPU
		{AD825568-2E78-43A1-97B6-8058C9D7AC96}.Debug|Any CPU.Build.0 = Debug|Any CPU
		{AD825568-2E78-43A1-97B6-8058C9D7AC96}.Release|Any CPU.ActiveCfg = Release|Any CPU
		{AD825568-2E78-43A1-97B6-8058C9D7AC96}.Release|Any CPU.Build.0 = Release|Any CPU
	EndGlobalSection
	GlobalSection(SolutionProperties) = preSolution
		HideSolutionNode = FALSE
	EndGlobalSection
	GlobalSection(NestedProjects) = preSolution
		{CD84B354-70B9-41AF-B94A-396EBEE2DBFF} = {B959F0A7-4462-40DE-BFE0-DF235290B5FA}
		{C12B4F53-CCC9-461D-970A-AB625252986D} = {B959F0A7-4462-40DE-BFE0-DF235290B5FA}
		{74901DAA-AD74-4A28-A970-5F3B1A4646D5} = {74582A8A-2F92-4B87-95C6-BC80D4E89FCB}
		{AAD16472-86BC-415D-BC9A-E8E6964036C4} = {74582A8A-2F92-4B87-95C6-BC80D4E89FCB}
		{1C6DF6C6-B714-4C77-9A50-065D57D0FEBF} = {51C6476A-042B-4BAC-9829-99DF62AAA8DB}
		{62A87E9F-2FB3-4941-898B-83EEA382649A} = {51C6476A-042B-4BAC-9829-99DF62AAA8DB}
		{A4116D86-397F-4CC5-B2A3-37FA4AD0BD35} = {3F936D81-7919-4BF2-96AC-A73CF004DFB0}
		{244D7ABE-B9C3-4807-A8B6-C3AD2C170E5A} = {3F936D81-7919-4BF2-96AC-A73CF004DFB0}
		{56E199CE-9576-42FE-81AB-950C233D6F17} = {946AC209-0962-4EDB-AC0F-1AC0F6D07106}
		{765AF85B-B6B4-4FCC-BCA6-831B8FE54F8A} = {946AC209-0962-4EDB-AC0F-1AC0F6D07106}
		{AD825568-2E78-43A1-97B6-8058C9D7AC96} = {61884867-C732-4058-B585-649454E9CF9B}
	EndGlobalSection
	GlobalSection(ExtensibilityGlobals) = postSolution
		SolutionGuid = {D8CBAF0F-343D-49E1-9C2C-D611FDD73CC7}
	EndGlobalSection
EndGlobal
