
Microsoft Visual Studio Solution File, Format Version 12.00
# Visual Studio 15
VisualStudioVersion = 15.0.28307.106
MinimumVisualStudioVersion = 10.0.40219.1
Project("{FAE04EC0-301F-11D3-BF4B-00C04F79EFBC}") = "DS.Handlers", "DS.Handlers\DS.Handlers.csproj", "{CD84B354-70B9-41AF-B94A-396EBEE2DBFF}"
EndProject
Project("{2150E333-8FDC-42A3-9474-1A3956D46DE8}") = "Handlers", "Handlers", "{B959F0A7-4462-40DE-BFE0-DF235290B5FA}"
EndProject
Project("{FAE04EC0-301F-11D3-BF4B-00C04F79EFBC}") = "DS.Handlers.UnitTests", "DS.Handlers.UnitTests\DS.Handlers.UnitTests.csproj", "{C12B4F53-CCC9-461D-970A-AB625252986D}"
EndProject
Project("{2150E333-8FDC-42A3-9474-1A3956D46DE8}") = "Contracts", "Contracts", "{74582A8A-2F92-4B87-95C6-BC80D4E89FCB}"
EndProject
Project("{FAE04EC0-301F-11D3-BF4B-00C04F79EFBC}") = "DS.Contracts", "DS.Contracts\DS.Contracts.csproj", "{74901DAA-AD74-4A28-A970-5F3B1A4646D5}"
EndProject
Project("{FAE04EC0-301F-11D3-BF4B-00C04F79EFBC}") = "DS.Dtos", "DS.Dtos\DS.Dtos.csproj", "{AAD16472-86BC-415D-BC9A-E8E6964036C4}"
EndProject
Project("{2150E333-8FDC-42A3-9474-1A3956D46DE8}") = "Domain", "Domain", "{51C6476A-042B-4BAC-9829-99DF62AAA8DB}"
EndProject
Project("{FAE04EC0-301F-11D3-BF4B-00C04F79EFBC}") = "DS.DomainModel", "DS.DomainModel\DS.DomainModel.csproj", "{1C6DF6C6-B714-4C77-9A50-065D57D0FEBF}"
EndProject
Project("{FAE04EC0-301F-11D3-BF4B-00C04F79EFBC}") = "DS.DomainModel.UnitTests", "DS.DomainModel.UnitTests\DS.DomainModel.UnitTests.csproj", "{62A87E9F-2FB3-4941-898B-83EEA382649A}"
EndProject
Global
	GlobalSection(SolutionConfigurationPlatforms) = preSolution
		Debug|Any CPU = Debug|Any CPU
		Release|Any CPU = Release|Any CPU
	EndGlobalSection
	GlobalSection(ProjectConfigurationPlatforms) = postSolution
		{CD84B354-70B9-41AF-B94A-396EBEE2DBFF}.Debug|Any CPU.ActiveCfg = Debug|Any CPU
		{CD84B354-70B9-41AF-B94A-396EBEE2DBFF}.Debug|Any CPU.Build.0 = Debug|Any CPU
		{CD84B354-70B9-41AF-B94A-396EBEE2DBFF}.Release|Any CPU.ActiveCfg = Release|Any CPU
		{CD84B354-70B9-41AF-B94A-396EBEE2DBFF}.Release|Any CPU.Build.0 = Release|Any CPU
		{C12B4F53-CCC9-461D-970A-AB625252986D}.Debug|Any CPU.ActiveCfg = Debug|Any CPU
		{C12B4F53-CCC9-461D-970A-AB625252986D}.Debug|Any CPU.Build.0 = Debug|Any CPU
		{C12B4F53-CCC9-461D-970A-AB625252986D}.Release|Any CPU.ActiveCfg = Release|Any CPU
		{C12B4F53-CCC9-461D-970A-AB625252986D}.Release|Any CPU.Build.0 = Release|Any CPU
		{74901DAA-AD74-4A28-A970-5F3B1A4646D5}.Debug|Any CPU.ActiveCfg = Debug|Any CPU
		{74901DAA-AD74-4A28-A970-5F3B1A4646D5}.Debug|Any CPU.Build.0 = Debug|Any CPU
		{74901DAA-AD74-4A28-A970-5F3B1A4646D5}.Release|Any CPU.ActiveCfg = Release|Any CPU
		{74901DAA-AD74-4A28-A970-5F3B1A4646D5}.Release|Any CPU.Build.0 = Release|Any CPU
		{AAD16472-86BC-415D-BC9A-E8E6964036C4}.Debug|Any CPU.ActiveCfg = Debug|Any CPU
		{AAD16472-86BC-415D-BC9A-E8E6964036C4}.Debug|Any CPU.Build.0 = Debug|Any CPU
		{AAD16472-86BC-415D-BC9A-E8E6964036C4}.Release|Any CPU.ActiveCfg = Release|Any CPU
		{AAD16472-86BC-415D-BC9A-E8E6964036C4}.Release|Any CPU.Build.0 = Release|Any CPU
		{1C6DF6C6-B714-4C77-9A50-065D57D0FEBF}.Debug|Any CPU.ActiveCfg = Debug|Any CPU
		{1C6DF6C6-B714-4C77-9A50-065D57D0FEBF}.Debug|Any CPU.Build.0 = Debug|Any CPU
		{1C6DF6C6-B714-4C77-9A50-065D57D0FEBF}.Release|Any CPU.ActiveCfg = Release|Any CPU
		{1C6DF6C6-B714-4C77-9A50-065D57D0FEBF}.Release|Any CPU.Build.0 = Release|Any CPU
		{62A87E9F-2FB3-4941-898B-83EEA382649A}.Debug|Any CPU.ActiveCfg = Debug|Any CPU
		{62A87E9F-2FB3-4941-898B-83EEA382649A}.Debug|Any CPU.Build.0 = Debug|Any CPU
		{62A87E9F-2FB3-4941-898B-83EEA382649A}.Release|Any CPU.ActiveCfg = Release|Any CPU
		{62A87E9F-2FB3-4941-898B-83EEA382649A}.Release|Any CPU.Build.0 = Release|Any CPU
	EndGlobalSection
	GlobalSection(SolutionProperties) = preSolution
		HideSolutionNode = FALSE
	EndGlobalSection
	GlobalSection(NestedProjects) = preSolution
		{CD84B354-70B9-41AF-B94A-396EBEE2DBFF} = {B959F0A7-4462-40DE-BFE0-DF235290B5FA}
		{C12B4F53-CCC9-461D-970A-AB625252986D} = {B959F0A7-4462-40DE-BFE0-DF235290B5FA}
		{74901DAA-AD74-4A28-A970-5F3B1A4646D5} = {74582A8A-2F92-4B87-95C6-BC80D4E89FCB}
		{AAD16472-86BC-415D-BC9A-E8E6964036C4} = {74582A8A-2F92-4B87-95C6-BC80D4E89FCB}
		{1C6DF6C6-B714-4C77-9A50-065D57D0FEBF} = {51C6476A-042B-4BAC-9829-99DF62AAA8DB}
		{62A87E9F-2FB3-4941-898B-83EEA382649A} = {51C6476A-042B-4BAC-9829-99DF62AAA8DB}
	EndGlobalSection
	GlobalSection(ExtensibilityGlobals) = postSolution
		SolutionGuid = {D8CBAF0F-343D-49E1-9C2C-D611FDD73CC7}
	EndGlobalSection
EndGlobal
